
Microsoft Visual Studio Solution File, Format Version 12.00
Project("{FAE04EC0-301F-11D3-BF4B-00C04F79EFBC}") = "Euphoria.Core", "src\Euphoria.Core\Euphoria.Core.csproj", "{3789F864-5204-4793-A53A-D24E52EFB693}"
EndProject
Project("{FAE04EC0-301F-11D3-BF4B-00C04F79EFBC}") = "Euphoria.Math", "src\Euphoria.Math\Euphoria.Math.csproj", "{456FECB4-3F96-41A6-9DF4-4713B7EBA2FA}"
EndProject
Project("{FAE04EC0-301F-11D3-BF4B-00C04F79EFBC}") = "Euphoria.Render", "src\Euphoria.Render\Euphoria.Render.csproj", "{675B43B1-2A5D-4D71-A679-A662E7800E60}"
EndProject
Project("{FAE04EC0-301F-11D3-BF4B-00C04F79EFBC}") = "Euphoria.Audio", "src\Euphoria.Audio\Euphoria.Audio.csproj", "{8C61DB53-F792-41D3-B81F-1A90AC0370B8}"
EndProject
Project("{FAE04EC0-301F-11D3-BF4B-00C04F79EFBC}") = "Euphoria.Engine", "src\Euphoria.Engine\Euphoria.Engine.csproj", "{AEBD492C-D62A-4BCB-BEE3-FEE34F660365}"
EndProject
Project("{FAE04EC0-301F-11D3-BF4B-00C04F79EFBC}") = "Euphoria", "src\Euphoria\Euphoria.csproj", "{05BFD2B6-E566-426F-BC32-2A8C67278944}"
EndProject
Project("{2150E333-8FDC-42A3-9474-1A3956D46DE8}") = "grabs", "grabs", "{E1164F69-7032-446A-9DA8-23D0407C58B3}"
EndProject
Project("{FAE04EC0-301F-11D3-BF4B-00C04F79EFBC}") = "grabs.Graphics", "lib\grabs\src\grabs.Graphics\grabs.Graphics.csproj", "{B6124373-549F-4A9D-8979-A48CBCB22C79}"
EndProject
Project("{FAE04EC0-301F-11D3-BF4B-00C04F79EFBC}") = "grabs.Graphics.D3D11", "lib\grabs\src\grabs.Graphics.D3D11\grabs.Graphics.D3D11.csproj", "{2257D205-5D1F-4837-834A-9CC95405069F}"
EndProject
Project("{FAE04EC0-301F-11D3-BF4B-00C04F79EFBC}") = "grabs.ShaderCompiler.Spirv", "lib\grabs\src\grabs.ShaderCompiler.Spirv\grabs.ShaderCompiler.Spirv.csproj", "{66F70750-0336-4DC2-92C9-5F785E7D9DB7}"
EndProject
Project("{FAE04EC0-301F-11D3-BF4B-00C04F79EFBC}") = "grabs.ShaderCompiler.DXC", "lib\grabs\src\grabs.ShaderCompiler.DXC\grabs.ShaderCompiler.DXC.csproj", "{B2A3B319-0345-4861-9A85-2FA0463A882E}"
EndProject
Project("{FAE04EC0-301F-11D3-BF4B-00C04F79EFBC}") = "grabs.Graphics.GL43", "lib\grabs\src\grabs.Graphics.GL43\grabs.Graphics.GL43.csproj", "{81158ABF-3FE7-4B78-BF6E-122556907D5B}"
EndProject
Project("{FAE04EC0-301F-11D3-BF4B-00C04F79EFBC}") = "Euphoria.ContentBuilder", "src\Euphoria.ContentBuilder\Euphoria.ContentBuilder.csproj", "{A4020B22-B2F3-4459-BFCE-42EE81A1CAAD}"
EndProject
Project("{2150E333-8FDC-42A3-9474-1A3956D46DE8}") = "epcon", "epcon", "{66F635BF-637A-4C08-ABA3-8C3F17A195EC}"
EndProject
Project("{FAE04EC0-301F-11D3-BF4B-00C04F79EFBC}") = "epcon", "epcon\epcon\epcon.csproj", "{873F6F92-81B9-418E-9FE8-69C87B2B4832}"
EndProject
Project("{FAE04EC0-301F-11D3-BF4B-00C04F79EFBC}") = "grabs.Core", "lib\grabs\src\grabs.Core\grabs.Core.csproj", "{05CCE150-7A88-462D-AF9D-AB0FD609E242}"
EndProject
Project("{2150E333-8FDC-42A3-9474-1A3956D46DE8}") = "tests", "tests", "{EAB883F8-795D-4DFE-8C7E-5B3FC7B138E6}"
EndProject
Project("{FAE04EC0-301F-11D3-BF4B-00C04F79EFBC}") = "Tests.Render", "tests\Tests.Render\Tests.Render.csproj", "{940727A4-E1A1-4740-A666-F8166AB7336F}"
EndProject
Project("{FAE04EC0-301F-11D3-BF4B-00C04F79EFBC}") = "Tests.Engine", "tests\Tests.Engine\Tests.Engine.csproj", "{A9865EB7-B40F-4C53-9B06-63B3FD99A319}"
EndProject
Project("{FAE04EC0-301F-11D3-BF4B-00C04F79EFBC}") = "hlsl2spv", "epcon\hlsl2spv\hlsl2spv.csproj", "{F7E2BDC4-CFBA-4C40-90D7-8473C59D9652}"
EndProject
Project("{FAE04EC0-301F-11D3-BF4B-00C04F79EFBC}") = "Tests.Math", "tests\Tests.Math\Tests.Math.csproj", "{2AE2A73D-2B0E-4103-B00C-7B782F2922A5}"
EndProject
Global
	GlobalSection(SolutionConfigurationPlatforms) = preSolution
		Debug|Any CPU = Debug|Any CPU
		Release|Any CPU = Release|Any CPU
	EndGlobalSection
	GlobalSection(ProjectConfigurationPlatforms) = postSolution
		{3789F864-5204-4793-A53A-D24E52EFB693}.Debug|Any CPU.ActiveCfg = Debug|Any CPU
		{3789F864-5204-4793-A53A-D24E52EFB693}.Debug|Any CPU.Build.0 = Debug|Any CPU
		{3789F864-5204-4793-A53A-D24E52EFB693}.Release|Any CPU.ActiveCfg = Release|Any CPU
		{3789F864-5204-4793-A53A-D24E52EFB693}.Release|Any CPU.Build.0 = Release|Any CPU
		{456FECB4-3F96-41A6-9DF4-4713B7EBA2FA}.Debug|Any CPU.ActiveCfg = Debug|Any CPU
		{456FECB4-3F96-41A6-9DF4-4713B7EBA2FA}.Debug|Any CPU.Build.0 = Debug|Any CPU
		{456FECB4-3F96-41A6-9DF4-4713B7EBA2FA}.Release|Any CPU.ActiveCfg = Release|Any CPU
		{456FECB4-3F96-41A6-9DF4-4713B7EBA2FA}.Release|Any CPU.Build.0 = Release|Any CPU
		{675B43B1-2A5D-4D71-A679-A662E7800E60}.Debug|Any CPU.ActiveCfg = Debug|Any CPU
		{675B43B1-2A5D-4D71-A679-A662E7800E60}.Debug|Any CPU.Build.0 = Debug|Any CPU
		{675B43B1-2A5D-4D71-A679-A662E7800E60}.Release|Any CPU.ActiveCfg = Release|Any CPU
		{675B43B1-2A5D-4D71-A679-A662E7800E60}.Release|Any CPU.Build.0 = Release|Any CPU
		{8C61DB53-F792-41D3-B81F-1A90AC0370B8}.Debug|Any CPU.ActiveCfg = Debug|Any CPU
		{8C61DB53-F792-41D3-B81F-1A90AC0370B8}.Debug|Any CPU.Build.0 = Debug|Any CPU
		{8C61DB53-F792-41D3-B81F-1A90AC0370B8}.Release|Any CPU.ActiveCfg = Release|Any CPU
		{8C61DB53-F792-41D3-B81F-1A90AC0370B8}.Release|Any CPU.Build.0 = Release|Any CPU
		{AEBD492C-D62A-4BCB-BEE3-FEE34F660365}.Debug|Any CPU.ActiveCfg = Debug|Any CPU
		{AEBD492C-D62A-4BCB-BEE3-FEE34F660365}.Debug|Any CPU.Build.0 = Debug|Any CPU
		{AEBD492C-D62A-4BCB-BEE3-FEE34F660365}.Release|Any CPU.ActiveCfg = Release|Any CPU
		{AEBD492C-D62A-4BCB-BEE3-FEE34F660365}.Release|Any CPU.Build.0 = Release|Any CPU
		{05BFD2B6-E566-426F-BC32-2A8C67278944}.Debug|Any CPU.ActiveCfg = Debug|Any CPU
		{05BFD2B6-E566-426F-BC32-2A8C67278944}.Debug|Any CPU.Build.0 = Debug|Any CPU
		{05BFD2B6-E566-426F-BC32-2A8C67278944}.Release|Any CPU.ActiveCfg = Release|Any CPU
		{05BFD2B6-E566-426F-BC32-2A8C67278944}.Release|Any CPU.Build.0 = Release|Any CPU
		{B6124373-549F-4A9D-8979-A48CBCB22C79}.Debug|Any CPU.ActiveCfg = Debug|Any CPU
		{B6124373-549F-4A9D-8979-A48CBCB22C79}.Debug|Any CPU.Build.0 = Debug|Any CPU
		{B6124373-549F-4A9D-8979-A48CBCB22C79}.Release|Any CPU.ActiveCfg = Release|Any CPU
		{B6124373-549F-4A9D-8979-A48CBCB22C79}.Release|Any CPU.Build.0 = Release|Any CPU
		{2257D205-5D1F-4837-834A-9CC95405069F}.Debug|Any CPU.ActiveCfg = Debug|Any CPU
		{2257D205-5D1F-4837-834A-9CC95405069F}.Debug|Any CPU.Build.0 = Debug|Any CPU
		{2257D205-5D1F-4837-834A-9CC95405069F}.Release|Any CPU.ActiveCfg = Release|Any CPU
		{2257D205-5D1F-4837-834A-9CC95405069F}.Release|Any CPU.Build.0 = Release|Any CPU
		{66F70750-0336-4DC2-92C9-5F785E7D9DB7}.Debug|Any CPU.ActiveCfg = Debug|Any CPU
		{66F70750-0336-4DC2-92C9-5F785E7D9DB7}.Debug|Any CPU.Build.0 = Debug|Any CPU
		{66F70750-0336-4DC2-92C9-5F785E7D9DB7}.Release|Any CPU.ActiveCfg = Release|Any CPU
		{66F70750-0336-4DC2-92C9-5F785E7D9DB7}.Release|Any CPU.Build.0 = Release|Any CPU
		{B2A3B319-0345-4861-9A85-2FA0463A882E}.Debug|Any CPU.ActiveCfg = Debug|Any CPU
		{B2A3B319-0345-4861-9A85-2FA0463A882E}.Debug|Any CPU.Build.0 = Debug|Any CPU
		{B2A3B319-0345-4861-9A85-2FA0463A882E}.Release|Any CPU.ActiveCfg = Release|Any CPU
		{B2A3B319-0345-4861-9A85-2FA0463A882E}.Release|Any CPU.Build.0 = Release|Any CPU
		{81158ABF-3FE7-4B78-BF6E-122556907D5B}.Debug|Any CPU.ActiveCfg = Debug|Any CPU
		{81158ABF-3FE7-4B78-BF6E-122556907D5B}.Debug|Any CPU.Build.0 = Debug|Any CPU
		{81158ABF-3FE7-4B78-BF6E-122556907D5B}.Release|Any CPU.ActiveCfg = Release|Any CPU
		{81158ABF-3FE7-4B78-BF6E-122556907D5B}.Release|Any CPU.Build.0 = Release|Any CPU
		{A4020B22-B2F3-4459-BFCE-42EE81A1CAAD}.Debug|Any CPU.ActiveCfg = Debug|Any CPU
		{A4020B22-B2F3-4459-BFCE-42EE81A1CAAD}.Debug|Any CPU.Build.0 = Debug|Any CPU
		{A4020B22-B2F3-4459-BFCE-42EE81A1CAAD}.Release|Any CPU.ActiveCfg = Release|Any CPU
		{A4020B22-B2F3-4459-BFCE-42EE81A1CAAD}.Release|Any CPU.Build.0 = Release|Any CPU
		{873F6F92-81B9-418E-9FE8-69C87B2B4832}.Debug|Any CPU.ActiveCfg = Debug|Any CPU
		{873F6F92-81B9-418E-9FE8-69C87B2B4832}.Debug|Any CPU.Build.0 = Debug|Any CPU
		{873F6F92-81B9-418E-9FE8-69C87B2B4832}.Release|Any CPU.ActiveCfg = Release|Any CPU
		{873F6F92-81B9-418E-9FE8-69C87B2B4832}.Release|Any CPU.Build.0 = Release|Any CPU
		{05CCE150-7A88-462D-AF9D-AB0FD609E242}.Debug|Any CPU.ActiveCfg = Debug|Any CPU
		{05CCE150-7A88-462D-AF9D-AB0FD609E242}.Debug|Any CPU.Build.0 = Debug|Any CPU
		{05CCE150-7A88-462D-AF9D-AB0FD609E242}.Release|Any CPU.ActiveCfg = Release|Any CPU
		{05CCE150-7A88-462D-AF9D-AB0FD609E242}.Release|Any CPU.Build.0 = Release|Any CPU
		{940727A4-E1A1-4740-A666-F8166AB7336F}.Debug|Any CPU.ActiveCfg = Debug|Any CPU
		{940727A4-E1A1-4740-A666-F8166AB7336F}.Debug|Any CPU.Build.0 = Debug|Any CPU
		{940727A4-E1A1-4740-A666-F8166AB7336F}.Release|Any CPU.ActiveCfg = Release|Any CPU
		{940727A4-E1A1-4740-A666-F8166AB7336F}.Release|Any CPU.Build.0 = Release|Any CPU
		{A9865EB7-B40F-4C53-9B06-63B3FD99A319}.Debug|Any CPU.ActiveCfg = Debug|Any CPU
		{A9865EB7-B40F-4C53-9B06-63B3FD99A319}.Debug|Any CPU.Build.0 = Debug|Any CPU
		{A9865EB7-B40F-4C53-9B06-63B3FD99A319}.Release|Any CPU.ActiveCfg = Release|Any CPU
		{A9865EB7-B40F-4C53-9B06-63B3FD99A319}.Release|Any CPU.Build.0 = Release|Any CPU
		{F7E2BDC4-CFBA-4C40-90D7-8473C59D9652}.Debug|Any CPU.ActiveCfg = Debug|Any CPU
		{F7E2BDC4-CFBA-4C40-90D7-8473C59D9652}.Debug|Any CPU.Build.0 = Debug|Any CPU
		{F7E2BDC4-CFBA-4C40-90D7-8473C59D9652}.Release|Any CPU.ActiveCfg = Release|Any CPU
		{F7E2BDC4-CFBA-4C40-90D7-8473C59D9652}.Release|Any CPU.Build.0 = Release|Any CPU
		{2AE2A73D-2B0E-4103-B00C-7B782F2922A5}.Debug|Any CPU.ActiveCfg = Debug|Any CPU
		{2AE2A73D-2B0E-4103-B00C-7B782F2922A5}.Debug|Any CPU.Build.0 = Debug|Any CPU
		{2AE2A73D-2B0E-4103-B00C-7B782F2922A5}.Release|Any CPU.ActiveCfg = Release|Any CPU
		{2AE2A73D-2B0E-4103-B00C-7B782F2922A5}.Release|Any CPU.Build.0 = Release|Any CPU
	EndGlobalSection
	GlobalSection(NestedProjects) = preSolution
		{B6124373-549F-4A9D-8979-A48CBCB22C79} = {E1164F69-7032-446A-9DA8-23D0407C58B3}
		{2257D205-5D1F-4837-834A-9CC95405069F} = {E1164F69-7032-446A-9DA8-23D0407C58B3}
		{66F70750-0336-4DC2-92C9-5F785E7D9DB7} = {E1164F69-7032-446A-9DA8-23D0407C58B3}
		{B2A3B319-0345-4861-9A85-2FA0463A882E} = {E1164F69-7032-446A-9DA8-23D0407C58B3}
		{81158ABF-3FE7-4B78-BF6E-122556907D5B} = {E1164F69-7032-446A-9DA8-23D0407C58B3}
		{873F6F92-81B9-418E-9FE8-69C87B2B4832} = {66F635BF-637A-4C08-ABA3-8C3F17A195EC}
		{05CCE150-7A88-462D-AF9D-AB0FD609E242} = {E1164F69-7032-446A-9DA8-23D0407C58B3}
		{940727A4-E1A1-4740-A666-F8166AB7336F} = {EAB883F8-795D-4DFE-8C7E-5B3FC7B138E6}
		{A9865EB7-B40F-4C53-9B06-63B3FD99A319} = {EAB883F8-795D-4DFE-8C7E-5B3FC7B138E6}
		{F7E2BDC4-CFBA-4C40-90D7-8473C59D9652} = {66F635BF-637A-4C08-ABA3-8C3F17A195EC}
		{2AE2A73D-2B0E-4103-B00C-7B782F2922A5} = {EAB883F8-795D-4DFE-8C7E-5B3FC7B138E6}
	EndGlobalSection
EndGlobal
